
Microsoft Visual Studio Solution File, Format Version 12.00
# Visual Studio Version 17
VisualStudioVersion = 17.7.34031.279
MinimumVisualStudioVersion = 10.0.40219.1
Project("{FAE04EC0-301F-11D3-BF4B-00C04F79EFBC}") = "service", "service\service.csproj", "{EDA6DD3A-2430-4437-B826-393FF36A3339}"
EndProject
Global
	GlobalSection(SolutionConfigurationPlatforms) = preSolution
		Debug|Any CPU = Debug|Any CPU
		Release|Any CPU = Release|Any CPU
	EndGlobalSection
	GlobalSection(ProjectConfigurationPlatforms) = postSolution
		{EDA6DD3A-2430-4437-B826-393FF36A3339}.Debug|Any CPU.ActiveCfg = Debug|Any CPU
		{EDA6DD3A-2430-4437-B826-393FF36A3339}.Debug|Any CPU.Build.0 = Debug|Any CPU
		{EDA6DD3A-2430-4437-B826-393FF36A3339}.Release|Any CPU.ActiveCfg = Release|Any CPU
		{EDA6DD3A-2430-4437-B826-393FF36A3339}.Release|Any CPU.Build.0 = Release|Any CPU
	EndGlobalSection
	GlobalSection(SolutionProperties) = preSolution
		HideSolutionNode = FALSE
	EndGlobalSection
	GlobalSection(ExtensibilityGlobals) = postSolution
		SolutionGuid = {B45FBFAD-89CB-4C96-A61B-B481B3127384}
	EndGlobalSection
EndGlobal
